// !$*UTF8*$!
{
	archiveVersion = 1;
	classes = {
	};
	objectVersion = 56;
	objects = {

/* Begin PBXBuildFile section */
		D02F65012AF7A2C200326D9C /* AppDelegate.swift in Sources */ = {isa = PBXBuildFile; fileRef = D02F65002AF7A2C200326D9C /* AppDelegate.swift */; };
		D02F65032AF7A2C200326D9C /* SceneDelegate.swift in Sources */ = {isa = PBXBuildFile; fileRef = D02F65022AF7A2C200326D9C /* SceneDelegate.swift */; };
		D02F65052AF7A2C200326D9C /* ViewController.swift in Sources */ = {isa = PBXBuildFile; fileRef = D02F65042AF7A2C200326D9C /* ViewController.swift */; };
		D02F65082AF7A2C200326D9C /* Main.storyboard in Resources */ = {isa = PBXBuildFile; fileRef = D02F65062AF7A2C200326D9C /* Main.storyboard */; };
		D02F650A2AF7A2C600326D9C /* Assets.xcassets in Resources */ = {isa = PBXBuildFile; fileRef = D02F65092AF7A2C600326D9C /* Assets.xcassets */; };
		D02F650D2AF7A2C600326D9C /* LaunchScreen.storyboard in Resources */ = {isa = PBXBuildFile; fileRef = D02F650B2AF7A2C600326D9C /* LaunchScreen.storyboard */; };
		D02F65182AF7A2C600326D9C /* OmdbMovieAppTests.swift in Sources */ = {isa = PBXBuildFile; fileRef = D02F65172AF7A2C600326D9C /* OmdbMovieAppTests.swift */; };
		D02F65222AF7A2C600326D9C /* OmdbMovieAppUITests.swift in Sources */ = {isa = PBXBuildFile; fileRef = D02F65212AF7A2C600326D9C /* OmdbMovieAppUITests.swift */; };
		D02F65242AF7A2C600326D9C /* OmdbMovieAppUITestsLaunchTests.swift in Sources */ = {isa = PBXBuildFile; fileRef = D02F65232AF7A2C600326D9C /* OmdbMovieAppUITestsLaunchTests.swift */; };
/* End PBXBuildFile section */

/* Begin PBXContainerItemProxy section */
		D02F65142AF7A2C600326D9C /* PBXContainerItemProxy */ = {
			isa = PBXContainerItemProxy;
			containerPortal = D02F64F52AF7A2C200326D9C /* Project object */;
			proxyType = 1;
			remoteGlobalIDString = D02F64FC2AF7A2C200326D9C;
			remoteInfo = OmdbMovieApp;
		};
		D02F651E2AF7A2C600326D9C /* PBXContainerItemProxy */ = {
			isa = PBXContainerItemProxy;
			containerPortal = D02F64F52AF7A2C200326D9C /* Project object */;
			proxyType = 1;
			remoteGlobalIDString = D02F64FC2AF7A2C200326D9C;
			remoteInfo = OmdbMovieApp;
		};
/* End PBXContainerItemProxy section */

/* Begin PBXFileReference section */
		D02F64FD2AF7A2C200326D9C /* OmdbMovieApp.app */ = {isa = PBXFileReference; explicitFileType = wrapper.application; includeInIndex = 0; path = OmdbMovieApp.app; sourceTree = BUILT_PRODUCTS_DIR; };
		D02F65002AF7A2C200326D9C /* AppDelegate.swift */ = {isa = PBXFileReference; lastKnownFileType = sourcecode.swift; path = AppDelegate.swift; sourceTree = "<group>"; };
		D02F65022AF7A2C200326D9C /* SceneDelegate.swift */ = {isa = PBXFileReference; lastKnownFileType = sourcecode.swift; path = SceneDelegate.swift; sourceTree = "<group>"; };
		D02F65042AF7A2C200326D9C /* ViewController.swift */ = {isa = PBXFileReference; lastKnownFileType = sourcecode.swift; path = ViewController.swift; sourceTree = "<group>"; };
		D02F65072AF7A2C200326D9C /* Base */ = {isa = PBXFileReference; lastKnownFileType = file.storyboard; name = Base; path = Base.lproj/Main.storyboard; sourceTree = "<group>"; };
		D02F65092AF7A2C600326D9C /* Assets.xcassets */ = {isa = PBXFileReference; lastKnownFileType = folder.assetcatalog; path = Assets.xcassets; sourceTree = "<group>"; };
		D02F650C2AF7A2C600326D9C /* Base */ = {isa = PBXFileReference; lastKnownFileType = file.storyboard; name = Base; path = Base.lproj/LaunchScreen.storyboard; sourceTree = "<group>"; };
		D02F650E2AF7A2C600326D9C /* Info.plist */ = {isa = PBXFileReference; lastKnownFileType = text.plist.xml; path = Info.plist; sourceTree = "<group>"; };
		D02F65132AF7A2C600326D9C /* OmdbMovieAppTests.xctest */ = {isa = PBXFileReference; explicitFileType = wrapper.cfbundle; includeInIndex = 0; path = OmdbMovieAppTests.xctest; sourceTree = BUILT_PRODUCTS_DIR; };
		D02F65172AF7A2C600326D9C /* OmdbMovieAppTests.swift */ = {isa = PBXFileReference; lastKnownFileType = sourcecode.swift; path = OmdbMovieAppTests.swift; sourceTree = "<group>"; };
		D02F651D2AF7A2C600326D9C /* OmdbMovieAppUITests.xctest */ = {isa = PBXFileReference; explicitFileType = wrapper.cfbundle; includeInIndex = 0; path = OmdbMovieAppUITests.xctest; sourceTree = BUILT_PRODUCTS_DIR; };
		D02F65212AF7A2C600326D9C /* OmdbMovieAppUITests.swift */ = {isa = PBXFileReference; lastKnownFileType = sourcecode.swift; path = OmdbMovieAppUITests.swift; sourceTree = "<group>"; };
		D02F65232AF7A2C600326D9C /* OmdbMovieAppUITestsLaunchTests.swift */ = {isa = PBXFileReference; lastKnownFileType = sourcecode.swift; path = OmdbMovieAppUITestsLaunchTests.swift; sourceTree = "<group>"; };
/* End PBXFileReference section */

/* Begin PBXFrameworksBuildPhase section */
		D02F64FA2AF7A2C200326D9C /* Frameworks */ = {
			isa = PBXFrameworksBuildPhase;
			buildActionMask = 2147483647;
			files = (
			);
			runOnlyForDeploymentPostprocessing = 0;
		};
		D02F65102AF7A2C600326D9C /* Frameworks */ = {
			isa = PBXFrameworksBuildPhase;
			buildActionMask = 2147483647;
			files = (
			);
			runOnlyForDeploymentPostprocessing = 0;
		};
		D02F651A2AF7A2C600326D9C /* Frameworks */ = {
			isa = PBXFrameworksBuildPhase;
			buildActionMask = 2147483647;
			files = (
			);
			runOnlyForDeploymentPostprocessing = 0;
		};
/* End PBXFrameworksBuildPhase section */

/* Begin PBXGroup section */
		D02F64F42AF7A2C200326D9C = {
			isa = PBXGroup;
			children = (
				D02F64FF2AF7A2C200326D9C /* OmdbMovieApp */,
				D02F65162AF7A2C600326D9C /* OmdbMovieAppTests */,
				D02F65202AF7A2C600326D9C /* OmdbMovieAppUITests */,
				D02F64FE2AF7A2C200326D9C /* Products */,
			);
			sourceTree = "<group>";
		};
		D02F64FE2AF7A2C200326D9C /* Products */ = {
			isa = PBXGroup;
			children = (
				D02F64FD2AF7A2C200326D9C /* OmdbMovieApp.app */,
				D02F65132AF7A2C600326D9C /* OmdbMovieAppTests.xctest */,
				D02F651D2AF7A2C600326D9C /* OmdbMovieAppUITests.xctest */,
			);
			name = Products;
			sourceTree = "<group>";
		};
		D02F64FF2AF7A2C200326D9C /* OmdbMovieApp */ = {
			isa = PBXGroup;
			children = (
				D02F65002AF7A2C200326D9C /* AppDelegate.swift */,
				D02F65022AF7A2C200326D9C /* SceneDelegate.swift */,
				D02F65042AF7A2C200326D9C /* ViewController.swift */,
				D02F65062AF7A2C200326D9C /* Main.storyboard */,
				D02F65092AF7A2C600326D9C /* Assets.xcassets */,
				D02F650B2AF7A2C600326D9C /* LaunchScreen.storyboard */,
				D02F650E2AF7A2C600326D9C /* Info.plist */,
			);
			path = OmdbMovieApp;
			sourceTree = "<group>";
		};
		D02F65162AF7A2C600326D9C /* OmdbMovieAppTests */ = {
			isa = PBXGroup;
			children = (
				D02F65172AF7A2C600326D9C /* OmdbMovieAppTests.swift */,
			);
			path = OmdbMovieAppTests;
			sourceTree = "<group>";
		};
		D02F65202AF7A2C600326D9C /* OmdbMovieAppUITests */ = {
			isa = PBXGroup;
			children = (
				D02F65212AF7A2C600326D9C /* OmdbMovieAppUITests.swift */,
				D02F65232AF7A2C600326D9C /* OmdbMovieAppUITestsLaunchTests.swift */,
			);
			path = OmdbMovieAppUITests;
			sourceTree = "<group>";
		};
/* End PBXGroup section */

/* Begin PBXNativeTarget section */
		D02F64FC2AF7A2C200326D9C /* OmdbMovieApp */ = {
			isa = PBXNativeTarget;
			buildConfigurationList = D02F65272AF7A2C600326D9C /* Build configuration list for PBXNativeTarget "OmdbMovieApp" */;
			buildPhases = (
				D02F64F92AF7A2C200326D9C /* Sources */,
				D02F64FA2AF7A2C200326D9C /* Frameworks */,
				D02F64FB2AF7A2C200326D9C /* Resources */,
			);
			buildRules = (
			);
			dependencies = (
			);
			name = OmdbMovieApp;
			productName = OmdbMovieApp;
			productReference = D02F64FD2AF7A2C200326D9C /* OmdbMovieApp.app */;
			productType = "com.apple.product-type.application";
		};
		D02F65122AF7A2C600326D9C /* OmdbMovieAppTests */ = {
			isa = PBXNativeTarget;
			buildConfigurationList = D02F652A2AF7A2C600326D9C /* Build configuration list for PBXNativeTarget "OmdbMovieAppTests" */;
			buildPhases = (
				D02F650F2AF7A2C600326D9C /* Sources */,
				D02F65102AF7A2C600326D9C /* Frameworks */,
				D02F65112AF7A2C600326D9C /* Resources */,
			);
			buildRules = (
			);
			dependencies = (
				D02F65152AF7A2C600326D9C /* PBXTargetDependency */,
			);
			name = OmdbMovieAppTests;
			productName = OmdbMovieAppTests;
			productReference = D02F65132AF7A2C600326D9C /* OmdbMovieAppTests.xctest */;
			productType = "com.apple.product-type.bundle.unit-test";
		};
		D02F651C2AF7A2C600326D9C /* OmdbMovieAppUITests */ = {
			isa = PBXNativeTarget;
			buildConfigurationList = D02F652D2AF7A2C600326D9C /* Build configuration list for PBXNativeTarget "OmdbMovieAppUITests" */;
			buildPhases = (
				D02F65192AF7A2C600326D9C /* Sources */,
				D02F651A2AF7A2C600326D9C /* Frameworks */,
				D02F651B2AF7A2C600326D9C /* Resources */,
			);
			buildRules = (
			);
			dependencies = (
				D02F651F2AF7A2C600326D9C /* PBXTargetDependency */,
			);
			name = OmdbMovieAppUITests;
			productName = OmdbMovieAppUITests;
			productReference = D02F651D2AF7A2C600326D9C /* OmdbMovieAppUITests.xctest */;
			productType = "com.apple.product-type.bundle.ui-testing";
		};
/* End PBXNativeTarget section */

/* Begin PBXProject section */
		D02F64F52AF7A2C200326D9C /* Project object */ = {
			isa = PBXProject;
			attributes = {
				BuildIndependentTargetsInParallel = 1;
				LastSwiftUpdateCheck = 1420;
				LastUpgradeCheck = 1420;
				TargetAttributes = {
					D02F64FC2AF7A2C200326D9C = {
						CreatedOnToolsVersion = 14.2;
					};
					D02F65122AF7A2C600326D9C = {
						CreatedOnToolsVersion = 14.2;
						TestTargetID = D02F64FC2AF7A2C200326D9C;
					};
					D02F651C2AF7A2C600326D9C = {
						CreatedOnToolsVersion = 14.2;
						TestTargetID = D02F64FC2AF7A2C200326D9C;
					};
				};
			};
			buildConfigurationList = D02F64F82AF7A2C200326D9C /* Build configuration list for PBXProject "OmdbMovieApp" */;
			compatibilityVersion = "Xcode 14.0";
			developmentRegion = en;
			hasScannedForEncodings = 0;
			knownRegions = (
				en,
				Base,
			);
			mainGroup = D02F64F42AF7A2C200326D9C;
			productRefGroup = D02F64FE2AF7A2C200326D9C /* Products */;
			projectDirPath = "";
			projectRoot = "";
			targets = (
				D02F64FC2AF7A2C200326D9C /* OmdbMovieApp */,
				D02F65122AF7A2C600326D9C /* OmdbMovieAppTests */,
				D02F651C2AF7A2C600326D9C /* OmdbMovieAppUITests */,
			);
		};
/* End PBXProject section */

/* Begin PBXResourcesBuildPhase section */
		D02F64FB2AF7A2C200326D9C /* Resources */ = {
			isa = PBXResourcesBuildPhase;
			buildActionMask = 2147483647;
			files = (
				D02F650D2AF7A2C600326D9C /* LaunchScreen.storyboard in Resources */,
				D02F650A2AF7A2C600326D9C /* Assets.xcassets in Resources */,
				D02F65082AF7A2C200326D9C /* Main.storyboard in Resources */,
			);
			runOnlyForDeploymentPostprocessing = 0;
		};
		D02F65112AF7A2C600326D9C /* Resources */ = {
			isa = PBXResourcesBuildPhase;
			buildActionMask = 2147483647;
			files = (
			);
			runOnlyForDeploymentPostprocessing = 0;
		};
		D02F651B2AF7A2C600326D9C /* Resources */ = {
			isa = PBXResourcesBuildPhase;
			buildActionMask = 2147483647;
			files = (
			);
			runOnlyForDeploymentPostprocessing = 0;
		};
/* End PBXResourcesBuildPhase section */

/* Begin PBXSourcesBuildPhase section */
		D02F64F92AF7A2C200326D9C /* Sources */ = {
			isa = PBXSourcesBuildPhase;
			buildActionMask = 2147483647;
			files = (
				D02F65052AF7A2C200326D9C /* ViewController.swift in Sources */,
				D02F65012AF7A2C200326D9C /* AppDelegate.swift in Sources */,
				D02F65032AF7A2C200326D9C /* SceneDelegate.swift in Sources */,
			);
			runOnlyForDeploymentPostprocessing = 0;
		};
		D02F650F2AF7A2C600326D9C /* Sources */ = {
			isa = PBXSourcesBuildPhase;
			buildActionMask = 2147483647;
			files = (
				D02F65182AF7A2C600326D9C /* OmdbMovieAppTests.swift in Sources */,
			);
			runOnlyForDeploymentPostprocessing = 0;
		};
		D02F65192AF7A2C600326D9C /* Sources */ = {
			isa = PBXSourcesBuildPhase;
			buildActionMask = 2147483647;
			files = (
				D02F65222AF7A2C600326D9C /* OmdbMovieAppUITests.swift in Sources */,
				D02F65242AF7A2C600326D9C /* OmdbMovieAppUITestsLaunchTests.swift in Sources */,
			);
			runOnlyForDeploymentPostprocessing = 0;
		};
/* End PBXSourcesBuildPhase section */

/* Begin PBXTargetDependency section */
		D02F65152AF7A2C600326D9C /* PBXTargetDependency */ = {
			isa = PBXTargetDependency;
			target = D02F64FC2AF7A2C200326D9C /* OmdbMovieApp */;
			targetProxy = D02F65142AF7A2C600326D9C /* PBXContainerItemProxy */;
		};
		D02F651F2AF7A2C600326D9C /* PBXTargetDependency */ = {
			isa = PBXTargetDependency;
			target = D02F64FC2AF7A2C200326D9C /* OmdbMovieApp */;
			targetProxy = D02F651E2AF7A2C600326D9C /* PBXContainerItemProxy */;
		};
/* End PBXTargetDependency section */

/* Begin PBXVariantGroup section */
		D02F65062AF7A2C200326D9C /* Main.storyboard */ = {
			isa = PBXVariantGroup;
			children = (
				D02F65072AF7A2C200326D9C /* Base */,
			);
			name = Main.storyboard;
			sourceTree = "<group>";
		};
		D02F650B2AF7A2C600326D9C /* LaunchScreen.storyboard */ = {
			isa = PBXVariantGroup;
			children = (
				D02F650C2AF7A2C600326D9C /* Base */,
			);
			name = LaunchScreen.storyboard;
			sourceTree = "<group>";
		};
/* End PBXVariantGroup section */

/* Begin XCBuildConfiguration section */
		D02F65252AF7A2C600326D9C /* Debug */ = {
			isa = XCBuildConfiguration;
			buildSettings = {
				ALWAYS_SEARCH_USER_PATHS = NO;
				CLANG_ANALYZER_NONNULL = YES;
				CLANG_ANALYZER_NUMBER_OBJECT_CONVERSION = YES_AGGRESSIVE;
				CLANG_CXX_LANGUAGE_STANDARD = "gnu++20";
				CLANG_ENABLE_MODULES = YES;
				CLANG_ENABLE_OBJC_ARC = YES;
				CLANG_ENABLE_OBJC_WEAK = YES;
				CLANG_WARN_BLOCK_CAPTURE_AUTORELEASING = YES;
				CLANG_WARN_BOOL_CONVERSION = YES;
				CLANG_WARN_COMMA = YES;
				CLANG_WARN_CONSTANT_CONVERSION = YES;
				CLANG_WARN_DEPRECATED_OBJC_IMPLEMENTATIONS = YES;
				CLANG_WARN_DIRECT_OBJC_ISA_USAGE = YES_ERROR;
				CLANG_WARN_DOCUMENTATION_COMMENTS = YES;
				CLANG_WARN_EMPTY_BODY = YES;
				CLANG_WARN_ENUM_CONVERSION = YES;
				CLANG_WARN_INFINITE_RECURSION = YES;
				CLANG_WARN_INT_CONVERSION = YES;
				CLANG_WARN_NON_LITERAL_NULL_CONVERSION = YES;
				CLANG_WARN_OBJC_IMPLICIT_RETAIN_SELF = YES;
				CLANG_WARN_OBJC_LITERAL_CONVERSION = YES;
				CLANG_WARN_OBJC_ROOT_CLASS = YES_ERROR;
				CLANG_WARN_QUOTED_INCLUDE_IN_FRAMEWORK_HEADER = YES;
				CLANG_WARN_RANGE_LOOP_ANALYSIS = YES;
				CLANG_WARN_STRICT_PROTOTYPES = YES;
				CLANG_WARN_SUSPICIOUS_MOVE = YES;
				CLANG_WARN_UNGUARDED_AVAILABILITY = YES_AGGRESSIVE;
				CLANG_WARN_UNREACHABLE_CODE = YES;
				CLANG_WARN__DUPLICATE_METHOD_MATCH = YES;
				COPY_PHASE_STRIP = NO;
				DEBUG_INFORMATION_FORMAT = dwarf;
				ENABLE_STRICT_OBJC_MSGSEND = YES;
				ENABLE_TESTABILITY = YES;
				GCC_C_LANGUAGE_STANDARD = gnu11;
				GCC_DYNAMIC_NO_PIC = NO;
				GCC_NO_COMMON_BLOCKS = YES;
				GCC_OPTIMIZATION_LEVEL = 0;
				GCC_PREPROCESSOR_DEFINITIONS = (
					"DEBUG=1",
					"$(inherited)",
				);
				GCC_WARN_64_TO_32_BIT_CONVERSION = YES;
				GCC_WARN_ABOUT_RETURN_TYPE = YES_ERROR;
				GCC_WARN_UNDECLARED_SELECTOR = YES;
				GCC_WARN_UNINITIALIZED_AUTOS = YES_AGGRESSIVE;
				GCC_WARN_UNUSED_FUNCTION = YES;
				GCC_WARN_UNUSED_VARIABLE = YES;
				IPHONEOS_DEPLOYMENT_TARGET = 16.2;
				MTL_ENABLE_DEBUG_INFO = INCLUDE_SOURCE;
				MTL_FAST_MATH = YES;
				ONLY_ACTIVE_ARCH = YES;
				SDKROOT = iphoneos;
				SWIFT_ACTIVE_COMPILATION_CONDITIONS = DEBUG;
				SWIFT_OPTIMIZATION_LEVEL = "-Onone";
			};
			name = Debug;
		};
		D02F65262AF7A2C600326D9C /* Release */ = {
			isa = XCBuildConfiguration;
			buildSettings = {
				ALWAYS_SEARCH_USER_PATHS = NO;
				CLANG_ANALYZER_NONNULL = YES;
				CLANG_ANALYZER_NUMBER_OBJECT_CONVERSION = YES_AGGRESSIVE;
				CLANG_CXX_LANGUAGE_STANDARD = "gnu++20";
				CLANG_ENABLE_MODULES = YES;
				CLANG_ENABLE_OBJC_ARC = YES;
				CLANG_ENABLE_OBJC_WEAK = YES;
				CLANG_WARN_BLOCK_CAPTURE_AUTORELEASING = YES;
				CLANG_WARN_BOOL_CONVERSION = YES;
				CLANG_WARN_COMMA = YES;
				CLANG_WARN_CONSTANT_CONVERSION = YES;
				CLANG_WARN_DEPRECATED_OBJC_IMPLEMENTATIONS = YES;
				CLANG_WARN_DIRECT_OBJC_ISA_USAGE = YES_ERROR;
				CLANG_WARN_DOCUMENTATION_COMMENTS = YES;
				CLANG_WARN_EMPTY_BODY = YES;
				CLANG_WARN_ENUM_CONVERSION = YES;
				CLANG_WARN_INFINITE_RECURSION = YES;
				CLANG_WARN_INT_CONVERSION = YES;
				CLANG_WARN_NON_LITERAL_NULL_CONVERSION = YES;
				CLANG_WARN_OBJC_IMPLICIT_RETAIN_SELF = YES;
				CLANG_WARN_OBJC_LITERAL_CONVERSION = YES;
				CLANG_WARN_OBJC_ROOT_CLASS = YES_ERROR;
				CLANG_WARN_QUOTED_INCLUDE_IN_FRAMEWORK_HEADER = YES;
				CLANG_WARN_RANGE_LOOP_ANALYSIS = YES;
				CLANG_WARN_STRICT_PROTOTYPES = YES;
				CLANG_WARN_SUSPICIOUS_MOVE = YES;
				CLANG_WARN_UNGUARDED_AVAILABILITY = YES_AGGRESSIVE;
				CLANG_WARN_UNREACHABLE_CODE = YES;
				CLANG_WARN__DUPLICATE_METHOD_MATCH = YES;
				COPY_PHASE_STRIP = NO;
				DEBUG_INFORMATION_FORMAT = "dwarf-with-dsym";
				ENABLE_NS_ASSERTIONS = NO;
				ENABLE_STRICT_OBJC_MSGSEND = YES;
				GCC_C_LANGUAGE_STANDARD = gnu11;
				GCC_NO_COMMON_BLOCKS = YES;
				GCC_WARN_64_TO_32_BIT_CONVERSION = YES;
				GCC_WARN_ABOUT_RETURN_TYPE = YES_ERROR;
				GCC_WARN_UNDECLARED_SELECTOR = YES;
				GCC_WARN_UNINITIALIZED_AUTOS = YES_AGGRESSIVE;
				GCC_WARN_UNUSED_FUNCTION = YES;
				GCC_WARN_UNUSED_VARIABLE = YES;
				IPHONEOS_DEPLOYMENT_TARGET = 16.2;
				MTL_ENABLE_DEBUG_INFO = NO;
				MTL_FAST_MATH = YES;
				SDKROOT = iphoneos;
				SWIFT_COMPILATION_MODE = wholemodule;
				SWIFT_OPTIMIZATION_LEVEL = "-O";
				VALIDATE_PRODUCT = YES;
			};
			name = Release;
		};
		D02F65282AF7A2C600326D9C /* Debug */ = {
			isa = XCBuildConfiguration;
			buildSettings = {
				ASSETCATALOG_COMPILER_APPICON_NAME = AppIcon;
				ASSETCATALOG_COMPILER_GLOBAL_ACCENT_COLOR_NAME = AccentColor;
				CODE_SIGN_STYLE = Automatic;
				CURRENT_PROJECT_VERSION = 1;
				DEVELOPMENT_TEAM = 56K423922J;
				GENERATE_INFOPLIST_FILE = YES;
				INFOPLIST_FILE = OmdbMovieApp/Info.plist;
				INFOPLIST_KEY_UIApplicationSupportsIndirectInputEvents = YES;
				INFOPLIST_KEY_UILaunchStoryboardName = LaunchScreen;
				INFOPLIST_KEY_UIMainStoryboardFile = Main;
				INFOPLIST_KEY_UISupportedInterfaceOrientations_iPad = "UIInterfaceOrientationPortrait UIInterfaceOrientationPortraitUpsideDown UIInterfaceOrientationLandscapeLeft UIInterfaceOrientationLandscapeRight";
				INFOPLIST_KEY_UISupportedInterfaceOrientations_iPhone = "UIInterfaceOrientationPortrait UIInterfaceOrientationLandscapeLeft UIInterfaceOrientationLandscapeRight";
				LD_RUNPATH_SEARCH_PATHS = (
					"$(inherited)",
					"@executable_path/Frameworks",
				);
				MARKETING_VERSION = 1.0;
				PRODUCT_BUNDLE_IDENTIFIER = com.akmobile.app.OmdbMovieApp;
				PRODUCT_NAME = "$(TARGET_NAME)";
				SWIFT_EMIT_LOC_STRINGS = YES;
				SWIFT_VERSION = 5.0;
				TARGETED_DEVICE_FAMILY = "1,2";
			};
			name = Debug;
		};
		D02F65292AF7A2C600326D9C /* Release */ = {
			isa = XCBuildConfiguration;
			buildSettings = {
				ASSETCATALOG_COMPILER_APPICON_NAME = AppIcon;
				ASSETCATALOG_COMPILER_GLOBAL_ACCENT_COLOR_NAME = AccentColor;
				CODE_SIGN_STYLE = Automatic;
				CURRENT_PROJECT_VERSION = 1;
				DEVELOPMENT_TEAM = 56K423922J;
				GENERATE_INFOPLIST_FILE = YES;
				INFOPLIST_FILE = OmdbMovieApp/Info.plist;
				INFOPLIST_KEY_UIApplicationSupportsIndirectInputEvents = YES;
				INFOPLIST_KEY_UILaunchStoryboardName = LaunchScreen;
				INFOPLIST_KEY_UIMainStoryboardFile = Main;
				INFOPLIST_KEY_UISupportedInterfaceOrientations_iPad = "UIInterfaceOrientationPortrait UIInterfaceOrientationPortraitUpsideDown UIInterfaceOrientationLandscapeLeft UIInterfaceOrientationLandscapeRight";
				INFOPLIST_KEY_UISupportedInterfaceOrientations_iPhone = "UIInterfaceOrientationPortrait UIInterfaceOrientationLandscapeLeft UIInterfaceOrientationLandscapeRight";
				LD_RUNPATH_SEARCH_PATHS = (
					"$(inherited)",
					"@executable_path/Frameworks",
				);
				MARKETING_VERSION = 1.0;
				PRODUCT_BUNDLE_IDENTIFIER = com.akmobile.app.OmdbMovieApp;
				PRODUCT_NAME = "$(TARGET_NAME)";
				SWIFT_EMIT_LOC_STRINGS = YES;
				SWIFT_VERSION = 5.0;
				TARGETED_DEVICE_FAMILY = "1,2";
			};
			name = Release;
		};
		D02F652B2AF7A2C600326D9C /* Debug */ = {
			isa = XCBuildConfiguration;
			buildSettings = {
				ALWAYS_EMBED_SWIFT_STANDARD_LIBRARIES = YES;
				BUNDLE_LOADER = "$(TEST_HOST)";
				CODE_SIGN_STYLE = Automatic;
				CURRENT_PROJECT_VERSION = 1;
				DEVELOPMENT_TEAM = 56K423922J;
				GENERATE_INFOPLIST_FILE = YES;
				IPHONEOS_DEPLOYMENT_TARGET = 16.2;
				MARKETING_VERSION = 1.0;
				PRODUCT_BUNDLE_IDENTIFIER = com.akmobile.app.OmdbMovieAppTests;
				PRODUCT_NAME = "$(TARGET_NAME)";
				SWIFT_EMIT_LOC_STRINGS = NO;
				SWIFT_VERSION = 5.0;
				TARGETED_DEVICE_FAMILY = "1,2";
				TEST_HOST = "$(BUILT_PRODUCTS_DIR)/OmdbMovieApp.app/$(BUNDLE_EXECUTABLE_FOLDER_PATH)/OmdbMovieApp";
			};
			name = Debug;
		};
		D02F652C2AF7A2C600326D9C /* Release */ = {
			isa = XCBuildConfiguration;
			buildSettings = {
				ALWAYS_EMBED_SWIFT_STANDARD_LIBRARIES = YES;
				BUNDLE_LOADER = "$(TEST_HOST)";
				CODE_SIGN_STYLE = Automatic;
				CURRENT_PROJECT_VERSION = 1;
				DEVELOPMENT_TEAM = 56K423922J;
				GENERATE_INFOPLIST_FILE = YES;
				IPHONEOS_DEPLOYMENT_TARGET = 16.2;
				MARKETING_VERSION = 1.0;
				PRODUCT_BUNDLE_IDENTIFIER = com.akmobile.app.OmdbMovieAppTests;
				PRODUCT_NAME = "$(TARGET_NAME)";
				SWIFT_EMIT_LOC_STRINGS = NO;
				SWIFT_VERSION = 5.0;
				TARGETED_DEVICE_FAMILY = "1,2";
				TEST_HOST = "$(BUILT_PRODUCTS_DIR)/OmdbMovieApp.app/$(BUNDLE_EXECUTABLE_FOLDER_PATH)/OmdbMovieApp";
			};
			name = Release;
		};
		D02F652E2AF7A2C600326D9C /* Debug */ = {
			isa = XCBuildConfiguration;
			buildSettings = {
				ALWAYS_EMBED_SWIFT_STANDARD_LIBRARIES = YES;
				CODE_SIGN_STYLE = Automatic;
				CURRENT_PROJECT_VERSION = 1;
				DEVELOPMENT_TEAM = 56K423922J;
				GENERATE_INFOPLIST_FILE = YES;
				MARKETING_VERSION = 1.0;
				PRODUCT_BUNDLE_IDENTIFIER = com.akmobile.app.OmdbMovieAppUITests;
				PRODUCT_NAME = "$(TARGET_NAME)";
				SWIFT_EMIT_LOC_STRINGS = NO;
				SWIFT_VERSION = 5.0;
				TARGETED_DEVICE_FAMILY = "1,2";
				TEST_TARGET_NAME = OmdbMovieApp;
			};
			name = Debug;
		};
		D02F652F2AF7A2C600326D9C /* Release */ = {
			isa = XCBuildConfiguration;
			buildSettings = {
				ALWAYS_EMBED_SWIFT_STANDARD_LIBRARIES = YES;
				CODE_SIGN_STYLE = Automatic;
				CURRENT_PROJECT_VERSION = 1;
				DEVELOPMENT_TEAM = 56K423922J;
				GENERATE_INFOPLIST_FILE = YES;
				MARKETING_VERSION = 1.0;
				PRODUCT_BUNDLE_IDENTIFIER = com.akmobile.app.OmdbMovieAppUITests;
				PRODUCT_NAME = "$(TARGET_NAME)";
				SWIFT_EMIT_LOC_STRINGS = NO;
				SWIFT_VERSION = 5.0;
				TARGETED_DEVICE_FAMILY = "1,2";
				TEST_TARGET_NAME = OmdbMovieApp;
			};
			name = Release;
		};
/* End XCBuildConfiguration section */

/* Begin XCConfigurationList section */
		D02F64F82AF7A2C200326D9C /* Build configuration list for PBXProject "OmdbMovieApp" */ = {
			isa = XCConfigurationList;
			buildConfigurations = (
				D02F65252AF7A2C600326D9C /* Debug */,
				D02F65262AF7A2C600326D9C /* Release */,
			);
			defaultConfigurationIsVisible = 0;
			defaultConfigurationName = Release;
		};
		D02F65272AF7A2C600326D9C /* Build configuration list for PBXNativeTarget "OmdbMovieApp" */ = {
			isa = XCConfigurationList;
			buildConfigurations = (
				D02F65282AF7A2C600326D9C /* Debug */,
				D02F65292AF7A2C600326D9C /* Release */,
			);
			defaultConfigurationIsVisible = 0;
			defaultConfigurationName = Release;
		};
		D02F652A2AF7A2C600326D9C /* Build configuration list for PBXNativeTarget "OmdbMovieAppTests" */ = {
			isa = XCConfigurationList;
			buildConfigurations = (
				D02F652B2AF7A2C600326D9C /* Debug */,
				D02F652C2AF7A2C600326D9C /* Release */,
			);
			defaultConfigurationIsVisible = 0;
			defaultConfigurationName = Release;
		};
		D02F652D2AF7A2C600326D9C /* Build configuration list for PBXNativeTarget "OmdbMovieAppUITests" */ = {
			isa = XCConfigurationList;
			buildConfigurations = (
				D02F652E2AF7A2C600326D9C /* Debug */,
				D02F652F2AF7A2C600326D9C /* Release */,
			);
			defaultConfigurationIsVisible = 0;
			defaultConfigurationName = Release;
		};
/* End XCConfigurationList section */
	};
	rootObject = D02F64F52AF7A2C200326D9C /* Project object */;
}
